
Microsoft Visual Studio Solution File, Format Version 12.00
# Visual Studio Version 17
VisualStudioVersion = 17.9.34728.123
MinimumVisualStudioVersion = 10.0.40219.1
Project("{FAE04EC0-301F-11D3-BF4B-00C04F79EFBC}") = "PARCIAL", "PARCIAL\PARCIAL.csproj", "{DFDFF303-9200-4132-8538-A09704149A31}"
EndProject
Global
	GlobalSection(SolutionConfigurationPlatforms) = preSolution
		Debug|Any CPU = Debug|Any CPU
		Release|Any CPU = Release|Any CPU
	EndGlobalSection
	GlobalSection(ProjectConfigurationPlatforms) = postSolution
		{DFDFF303-9200-4132-8538-A09704149A31}.Debug|Any CPU.ActiveCfg = Debug|Any CPU
		{DFDFF303-9200-4132-8538-A09704149A31}.Debug|Any CPU.Build.0 = Debug|Any CPU
		{DFDFF303-9200-4132-8538-A09704149A31}.Release|Any CPU.ActiveCfg = Release|Any CPU
		{DFDFF303-9200-4132-8538-A09704149A31}.Release|Any CPU.Build.0 = Release|Any CPU
	EndGlobalSection
	GlobalSection(SolutionProperties) = preSolution
		HideSolutionNode = FALSE
	EndGlobalSection
	GlobalSection(ExtensibilityGlobals) = postSolution
		SolutionGuid = {FE44627B-96D2-4E5C-900B-80BBF0A46493}
	EndGlobalSection
EndGlobal
